
Microsoft Visual Studio Solution File, Format Version 12.00
# Visual Studio Version 16
VisualStudioVersion = 16.0.36422.26
MinimumVisualStudioVersion = 10.0.40219.1
Project("{FAE04EC0-301F-11D3-BF4B-00C04F79EFBC}") = "EN_Lab_08_KeyEvents_Timer_Graphics_PacMan", "EN_Lab_08_KeyEvents_Timer_Graphics_PacMan\EN_Lab_08_KeyEvents_Timer_Graphics_PacMan.csproj", "{93DF153A-495B-48C7-B7A7-DBA5FC883BF3}"
EndProject
Global
	GlobalSection(SolutionConfigurationPlatforms) = preSolution
		Debug|Any CPU = Debug|Any CPU
		Release|Any CPU = Release|Any CPU
	EndGlobalSection
	GlobalSection(ProjectConfigurationPlatforms) = postSolution
		{93DF153A-495B-48C7-B7A7-DBA5FC883BF3}.Debug|Any CPU.ActiveCfg = Debug|Any CPU
		{93DF153A-495B-48C7-B7A7-DBA5FC883BF3}.Debug|Any CPU.Build.0 = Debug|Any CPU
		{93DF153A-495B-48C7-B7A7-DBA5FC883BF3}.Release|Any CPU.ActiveCfg = Release|Any CPU
		{93DF153A-495B-48C7-B7A7-DBA5FC883BF3}.Release|Any CPU.Build.0 = Release|Any CPU
	EndGlobalSection
	GlobalSection(SolutionProperties) = preSolution
		HideSolutionNode = FALSE
	EndGlobalSection
	GlobalSection(ExtensibilityGlobals) = postSolution
		SolutionGuid = {EAA4EA51-D816-4A1B-BA8F-053AE2D118C1}
	EndGlobalSection
EndGlobal
